# THIS IS AN AUTOGENERATED FILE. DO NOT EDIT THIS FILE DIRECTLY.
# yarn lockfile v1


"@tsconfig/node18@^18.2.0":
  version "18.2.0"
  resolved "https://registry.yarnpkg.com/@tsconfig/node18/-/node18-18.2.0.tgz#d6b5358b3fa85fe89b13b46cb1e996e4d79d6a07"
  integrity sha512-yhxwIlFVSVcMym3O31HoMnRXpoenmpIxcj4Yoes2DUpe+xCJnA7ECQP1Vw889V0jTt/2nzvpLQ/UuMYCd3JPIg==

typescript@^5.1.6:
  version "5.1.6"
  resolved "https://registry.yarnpkg.com/typescript/-/typescript-5.1.6.tgz#02f8ac202b6dad2c0dd5e0913745b47a37998274"
  integrity sha512-zaWCozRZ6DLEWAWFrVDz1H6FVXzUSfTy5FUMWsQlU8Ym5JP9eO4xkTIROFCQvhQf61z6O/G6ugw3SgAnvvm+HA==
